// !$*UTF8*$!
{
	archiveVersion = 1;
	classes = {
	};
	objectVersion = 46;
	objects = {

/* Begin PBXBuildFile section */
		045CE0C01EE1E9E500958A42 /* AppDelegate.swift in Sources */ = {isa = PBXBuildFile; fileRef = 045CE0BF1EE1E9E500958A42 /* AppDelegate.swift */; };
		045CE0C21EE1E9E500958A42 /* ViewController.swift in Sources */ = {isa = PBXBuildFile; fileRef = 045CE0C11EE1E9E500958A42 /* ViewController.swift */; };
		045CE0C51EE1E9E500958A42 /* Main.storyboard in Resources */ = {isa = PBXBuildFile; fileRef = 045CE0C31EE1E9E500958A42 /* Main.storyboard */; };
		045CE0C71EE1E9E500958A42 /* Assets.xcassets in Resources */ = {isa = PBXBuildFile; fileRef = 045CE0C61EE1E9E500958A42 /* Assets.xcassets */; };
		045CE0CA1EE1E9E500958A42 /* LaunchScreen.storyboard in Resources */ = {isa = PBXBuildFile; fileRef = 045CE0C81EE1E9E500958A42 /* LaunchScreen.storyboard */; };
		045CE0E01EE1E9E500958A42 /* CocoaPodsDemoUITests.swift in Sources */ = {isa = PBXBuildFile; fileRef = 045CE0DF1EE1E9E500958A42 /* CocoaPodsDemoUITests.swift */; };
		045CE0EE1EE1EBBE00958A42 /* ViewControllerTests.swift in Sources */ = {isa = PBXBuildFile; fileRef = 045CE0ED1EE1EBBE00958A42 /* ViewControllerTests.swift */; };
		051E26AC2804905339577AD2 /* Pods_CocoaPodsDemoTests.framework in Frameworks */ = {isa = PBXBuildFile; fileRef = C43105DC8477798280E7954C /* Pods_CocoaPodsDemoTests.framework */; };
		2E8064087D269C87180EC244 /* Pods_CocoaPodsDemo.framework in Frameworks */ = {isa = PBXBuildFile; fileRef = C94A94B0281122946A1AAD2E /* Pods_CocoaPodsDemo.framework */; };
		C47F1E7E5E757A57204D35A0 /* Pods_CocoaPodsDemoUITests.framework in Frameworks */ = {isa = PBXBuildFile; fileRef = E2D92A847289CFB8111AA6C4 /* Pods_CocoaPodsDemoUITests.framework */; };
/* End PBXBuildFile section */

/* Begin PBXContainerItemProxy section */
		045CE0D11EE1E9E500958A42 /* PBXContainerItemProxy */ = {
			isa = PBXContainerItemProxy;
			containerPortal = 045CE0B41EE1E9E400958A42 /* Project object */;
			proxyType = 1;
			remoteGlobalIDString = 045CE0BB1EE1E9E500958A42;
			remoteInfo = CocoaPodsDemo;
		};
		045CE0DC1EE1E9E500958A42 /* PBXContainerItemProxy */ = {
			isa = PBXContainerItemProxy;
			containerPortal = 045CE0B41EE1E9E400958A42 /* Project object */;
			proxyType = 1;
			remoteGlobalIDString = 045CE0BB1EE1E9E500958A42;
			remoteInfo = CocoaPodsDemo;
		};
/* End PBXContainerItemProxy section */

/* Begin PBXFileReference section */
		045CE0BC1EE1E9E500958A42 /* CocoaPodsDemo.app */ = {isa = PBXFileReference; explicitFileType = wrapper.application; includeInIndex = 0; path = CocoaPodsDemo.app; sourceTree = BUILT_PRODUCTS_DIR; };
		045CE0BF1EE1E9E500958A42 /* AppDelegate.swift */ = {isa = PBXFileReference; lastKnownFileType = sourcecode.swift; path = AppDelegate.swift; sourceTree = "<group>"; };
		045CE0C11EE1E9E500958A42 /* ViewController.swift */ = {isa = PBXFileReference; lastKnownFileType = sourcecode.swift; path = ViewController.swift; sourceTree = "<group>"; };
		045CE0C41EE1E9E500958A42 /* Base */ = {isa = PBXFileReference; lastKnownFileType = file.storyboard; name = Base; path = Base.lproj/Main.storyboard; sourceTree = "<group>"; };
		045CE0C61EE1E9E500958A42 /* Assets.xcassets */ = {isa = PBXFileReference; lastKnownFileType = folder.assetcatalog; path = Assets.xcassets; sourceTree = "<group>"; };
		045CE0C91EE1E9E500958A42 /* Base */ = {isa = PBXFileReference; lastKnownFileType = file.storyboard; name = Base; path = Base.lproj/LaunchScreen.storyboard; sourceTree = "<group>"; };
		045CE0CB1EE1E9E500958A42 /* Info.plist */ = {isa = PBXFileReference; lastKnownFileType = text.plist.xml; path = Info.plist; sourceTree = "<group>"; };
		045CE0D01EE1E9E500958A42 /* CocoaPodsDemoTests.xctest */ = {isa = PBXFileReference; explicitFileType = wrapper.cfbundle; includeInIndex = 0; path = CocoaPodsDemoTests.xctest; sourceTree = BUILT_PRODUCTS_DIR; };
		045CE0D61EE1E9E500958A42 /* Info.plist */ = {isa = PBXFileReference; lastKnownFileType = text.plist.xml; path = Info.plist; sourceTree = "<group>"; };
		045CE0DB1EE1E9E500958A42 /* CocoaPodsDemoUITests.xctest */ = {isa = PBXFileReference; explicitFileType = wrapper.cfbundle; includeInIndex = 0; path = CocoaPodsDemoUITests.xctest; sourceTree = BUILT_PRODUCTS_DIR; };
		045CE0DF1EE1E9E500958A42 /* CocoaPodsDemoUITests.swift */ = {isa = PBXFileReference; lastKnownFileType = sourcecode.swift; path = CocoaPodsDemoUITests.swift; sourceTree = "<group>"; };
		045CE0E11EE1E9E500958A42 /* Info.plist */ = {isa = PBXFileReference; lastKnownFileType = text.plist.xml; path = Info.plist; sourceTree = "<group>"; };
		045CE0ED1EE1EBBE00958A42 /* ViewControllerTests.swift */ = {isa = PBXFileReference; fileEncoding = 4; lastKnownFileType = sourcecode.swift; path = ViewControllerTests.swift; sourceTree = "<group>"; };
		080BAD30EB23A3FA29DD6FA9 /* Pods-CocoaPodsDemoTests.debug.xcconfig */ = {isa = PBXFileReference; includeInIndex = 1; lastKnownFileType = text.xcconfig; name = "Pods-CocoaPodsDemoTests.debug.xcconfig"; path = "Pods/Target Support Files/Pods-CocoaPodsDemoTests/Pods-CocoaPodsDemoTests.debug.xcconfig"; sourceTree = "<group>"; };
		1888E54B996868BE0C29363E /* Pods-CocoaPodsDemoTests.release.xcconfig */ = {isa = PBXFileReference; includeInIndex = 1; lastKnownFileType = text.xcconfig; name = "Pods-CocoaPodsDemoTests.release.xcconfig"; path = "Pods/Target Support Files/Pods-CocoaPodsDemoTests/Pods-CocoaPodsDemoTests.release.xcconfig"; sourceTree = "<group>"; };
		24A26841BF1C0FD043B2E51E /* Pods-CocoaPodsDemo.debug.xcconfig */ = {isa = PBXFileReference; includeInIndex = 1; lastKnownFileType = text.xcconfig; name = "Pods-CocoaPodsDemo.debug.xcconfig"; path = "Pods/Target Support Files/Pods-CocoaPodsDemo/Pods-CocoaPodsDemo.debug.xcconfig"; sourceTree = "<group>"; };
		6CB6448BE0CE24EBCD933F69 /* Pods-CocoaPodsDemoUITests.release.xcconfig */ = {isa = PBXFileReference; includeInIndex = 1; lastKnownFileType = text.xcconfig; name = "Pods-CocoaPodsDemoUITests.release.xcconfig"; path = "Pods/Target Support Files/Pods-CocoaPodsDemoUITests/Pods-CocoaPodsDemoUITests.release.xcconfig"; sourceTree = "<group>"; };
		AE86B10FE26B5312169FB7E9 /* Pods-CocoaPodsDemoUITests.debug.xcconfig */ = {isa = PBXFileReference; includeInIndex = 1; lastKnownFileType = text.xcconfig; name = "Pods-CocoaPodsDemoUITests.debug.xcconfig"; path = "Pods/Target Support Files/Pods-CocoaPodsDemoUITests/Pods-CocoaPodsDemoUITests.debug.xcconfig"; sourceTree = "<group>"; };
		C43105DC8477798280E7954C /* Pods_CocoaPodsDemoTests.framework */ = {isa = PBXFileReference; explicitFileType = wrapper.framework; includeInIndex = 0; path = Pods_CocoaPodsDemoTests.framework; sourceTree = BUILT_PRODUCTS_DIR; };
		C94A94B0281122946A1AAD2E /* Pods_CocoaPodsDemo.framework */ = {isa = PBXFileReference; explicitFileType = wrapper.framework; includeInIndex = 0; path = Pods_CocoaPodsDemo.framework; sourceTree = BUILT_PRODUCTS_DIR; };
		DF3B356928A3A51986664E06 /* Pods-CocoaPodsDemo.release.xcconfig */ = {isa = PBXFileReference; includeInIndex = 1; lastKnownFileType = text.xcconfig; name = "Pods-CocoaPodsDemo.release.xcconfig"; path = "Pods/Target Support Files/Pods-CocoaPodsDemo/Pods-CocoaPodsDemo.release.xcconfig"; sourceTree = "<group>"; };
		E2D92A847289CFB8111AA6C4 /* Pods_CocoaPodsDemoUITests.framework */ = {isa = PBXFileReference; explicitFileType = wrapper.framework; includeInIndex = 0; path = Pods_CocoaPodsDemoUITests.framework; sourceTree = BUILT_PRODUCTS_DIR; };
/* End PBXFileReference section */

/* Begin PBXFrameworksBuildPhase section */
		045CE0B91EE1E9E500958A42 /* Frameworks */ = {
			isa = PBXFrameworksBuildPhase;
			buildActionMask = 2147483647;
			files = (
				2E8064087D269C87180EC244 /* Pods_CocoaPodsDemo.framework in Frameworks */,
			);
			runOnlyForDeploymentPostprocessing = 0;
		};
		045CE0CD1EE1E9E500958A42 /* Frameworks */ = {
			isa = PBXFrameworksBuildPhase;
			buildActionMask = 2147483647;
			files = (
				051E26AC2804905339577AD2 /* Pods_CocoaPodsDemoTests.framework in Frameworks */,
			);
			runOnlyForDeploymentPostprocessing = 0;
		};
		045CE0D81EE1E9E500958A42 /* Frameworks */ = {
			isa = PBXFrameworksBuildPhase;
			buildActionMask = 2147483647;
			files = (
				C47F1E7E5E757A57204D35A0 /* Pods_CocoaPodsDemoUITests.framework in Frameworks */,
			);
			runOnlyForDeploymentPostprocessing = 0;
		};
/* End PBXFrameworksBuildPhase section */

/* Begin PBXGroup section */
		045CE0B31EE1E9E400958A42 = {
			isa = PBXGroup;
			children = (
				045CE0BE1EE1E9E500958A42 /* CocoaPodsDemo */,
				045CE0D31EE1E9E500958A42 /* CocoaPodsDemoTests */,
				045CE0DE1EE1E9E500958A42 /* CocoaPodsDemoUITests */,
				045CE0BD1EE1E9E500958A42 /* Products */,
				78C9F2B79BC337C2AD695682 /* Pods */,
				7AFE284B2A7D92FFF99E3AE6 /* Frameworks */,
			);
			sourceTree = "<group>";
		};
		045CE0BD1EE1E9E500958A42 /* Products */ = {
			isa = PBXGroup;
			children = (
				045CE0BC1EE1E9E500958A42 /* CocoaPodsDemo.app */,
				045CE0D01EE1E9E500958A42 /* CocoaPodsDemoTests.xctest */,
				045CE0DB1EE1E9E500958A42 /* CocoaPodsDemoUITests.xctest */,
			);
			name = Products;
			sourceTree = "<group>";
		};
		045CE0BE1EE1E9E500958A42 /* CocoaPodsDemo */ = {
			isa = PBXGroup;
			children = (
				045CE0BF1EE1E9E500958A42 /* AppDelegate.swift */,
				045CE0C11EE1E9E500958A42 /* ViewController.swift */,
				045CE0C31EE1E9E500958A42 /* Main.storyboard */,
				045CE0C61EE1E9E500958A42 /* Assets.xcassets */,
				045CE0C81EE1E9E500958A42 /* LaunchScreen.storyboard */,
				045CE0CB1EE1E9E500958A42 /* Info.plist */,
			);
			path = CocoaPodsDemo;
			sourceTree = "<group>";
		};
		045CE0D31EE1E9E500958A42 /* CocoaPodsDemoTests */ = {
			isa = PBXGroup;
			children = (
				045CE0ED1EE1EBBE00958A42 /* ViewControllerTests.swift */,
				045CE0D61EE1E9E500958A42 /* Info.plist */,
			);
			path = CocoaPodsDemoTests;
			sourceTree = "<group>";
		};
		045CE0DE1EE1E9E500958A42 /* CocoaPodsDemoUITests */ = {
			isa = PBXGroup;
			children = (
				045CE0DF1EE1E9E500958A42 /* CocoaPodsDemoUITests.swift */,
				045CE0E11EE1E9E500958A42 /* Info.plist */,
			);
			path = CocoaPodsDemoUITests;
			sourceTree = "<group>";
		};
		78C9F2B79BC337C2AD695682 /* Pods */ = {
			isa = PBXGroup;
			children = (
				24A26841BF1C0FD043B2E51E /* Pods-CocoaPodsDemo.debug.xcconfig */,
				DF3B356928A3A51986664E06 /* Pods-CocoaPodsDemo.release.xcconfig */,
				080BAD30EB23A3FA29DD6FA9 /* Pods-CocoaPodsDemoTests.debug.xcconfig */,
				1888E54B996868BE0C29363E /* Pods-CocoaPodsDemoTests.release.xcconfig */,
				AE86B10FE26B5312169FB7E9 /* Pods-CocoaPodsDemoUITests.debug.xcconfig */,
				6CB6448BE0CE24EBCD933F69 /* Pods-CocoaPodsDemoUITests.release.xcconfig */,
			);
			name = Pods;
			sourceTree = "<group>";
		};
		7AFE284B2A7D92FFF99E3AE6 /* Frameworks */ = {
			isa = PBXGroup;
			children = (
				C94A94B0281122946A1AAD2E /* Pods_CocoaPodsDemo.framework */,
				C43105DC8477798280E7954C /* Pods_CocoaPodsDemoTests.framework */,
				E2D92A847289CFB8111AA6C4 /* Pods_CocoaPodsDemoUITests.framework */,
			);
			name = Frameworks;
			sourceTree = "<group>";
		};
/* End PBXGroup section */

/* Begin PBXNativeTarget section */
		045CE0BB1EE1E9E500958A42 /* CocoaPodsDemo */ = {
			isa = PBXNativeTarget;
			buildConfigurationList = 045CE0E41EE1E9E500958A42 /* Build configuration list for PBXNativeTarget "CocoaPodsDemo" */;
			buildPhases = (
				1D9BB0D2A97E23AE141028F2 /* [CP] Check Pods Manifest.lock */,
				045CE0B81EE1E9E500958A42 /* Sources */,
				045CE0B91EE1E9E500958A42 /* Frameworks */,
				045CE0BA1EE1E9E500958A42 /* Resources */,
				A77BE5233AB7781AD6459BE0 /* [CP] Embed Pods Frameworks */,
				78B915861F33E03D4D80A2C6 /* [CP] Copy Pods Resources */,
			);
			buildRules = (
			);
			dependencies = (
			);
			name = CocoaPodsDemo;
			productName = CocoaPodsDemo;
			productReference = 045CE0BC1EE1E9E500958A42 /* CocoaPodsDemo.app */;
			productType = "com.apple.product-type.application";
		};
		045CE0CF1EE1E9E500958A42 /* CocoaPodsDemoTests */ = {
			isa = PBXNativeTarget;
			buildConfigurationList = 045CE0E71EE1E9E500958A42 /* Build configuration list for PBXNativeTarget "CocoaPodsDemoTests" */;
			buildPhases = (
				E99DC7A026B2787D3B5CD417 /* [CP] Check Pods Manifest.lock */,
				045CE0CC1EE1E9E500958A42 /* Sources */,
				045CE0CD1EE1E9E500958A42 /* Frameworks */,
				045CE0CE1EE1E9E500958A42 /* Resources */,
				56E67E891EE4A310D98AF2F5 /* [CP] Embed Pods Frameworks */,
				B17C367C982DC3CF05B0329A /* [CP] Copy Pods Resources */,
			);
			buildRules = (
			);
			dependencies = (
				045CE0D21EE1E9E500958A42 /* PBXTargetDependency */,
			);
			name = CocoaPodsDemoTests;
			productName = CocoaPodsDemoTests;
			productReference = 045CE0D01EE1E9E500958A42 /* CocoaPodsDemoTests.xctest */;
			productType = "com.apple.product-type.bundle.unit-test";
		};
		045CE0DA1EE1E9E500958A42 /* CocoaPodsDemoUITests */ = {
			isa = PBXNativeTarget;
			buildConfigurationList = 045CE0EA1EE1E9E500958A42 /* Build configuration list for PBXNativeTarget "CocoaPodsDemoUITests" */;
			buildPhases = (
				197DDFB004CB78A795C9A304 /* [CP] Check Pods Manifest.lock */,
				045CE0D71EE1E9E500958A42 /* Sources */,
				045CE0D81EE1E9E500958A42 /* Frameworks */,
				045CE0D91EE1E9E500958A42 /* Resources */,
				509FA4049226B445410E2CD4 /* [CP] Embed Pods Frameworks */,
				0A6D5ECE41B5E40D09501AC4 /* [CP] Copy Pods Resources */,
			);
			buildRules = (
			);
			dependencies = (
				045CE0DD1EE1E9E500958A42 /* PBXTargetDependency */,
			);
			name = CocoaPodsDemoUITests;
			productName = CocoaPodsDemoUITests;
			productReference = 045CE0DB1EE1E9E500958A42 /* CocoaPodsDemoUITests.xctest */;
			productType = "com.apple.product-type.bundle.ui-testing";
		};
/* End PBXNativeTarget section */

/* Begin PBXProject section */
		045CE0B41EE1E9E400958A42 /* Project object */ = {
			isa = PBXProject;
			attributes = {
				LastSwiftUpdateCheck = 0830;
				LastUpgradeCheck = 0830;
				ORGANIZATIONNAME = "Florian Fittschen";
				TargetAttributes = {
					045CE0BB1EE1E9E500958A42 = {
						CreatedOnToolsVersion = 8.3.2;
						DevelopmentTeam = F9Y6K72HCR;
						ProvisioningStyle = Automatic;
					};
					045CE0CF1EE1E9E500958A42 = {
						CreatedOnToolsVersion = 8.3.2;
						DevelopmentTeam = F9Y6K72HCR;
						ProvisioningStyle = Automatic;
						TestTargetID = 045CE0BB1EE1E9E500958A42;
					};
					045CE0DA1EE1E9E500958A42 = {
						CreatedOnToolsVersion = 8.3.2;
						DevelopmentTeam = F9Y6K72HCR;
						ProvisioningStyle = Automatic;
						TestTargetID = 045CE0BB1EE1E9E500958A42;
					};
				};
			};
			buildConfigurationList = 045CE0B71EE1E9E400958A42 /* Build configuration list for PBXProject "CocoaPodsDemo" */;
			compatibilityVersion = "Xcode 3.2";
			developmentRegion = English;
			hasScannedForEncodings = 0;
			knownRegions = (
				en,
				Base,
			);
			mainGroup = 045CE0B31EE1E9E400958A42;
			productRefGroup = 045CE0BD1EE1E9E500958A42 /* Products */;
			projectDirPath = "";
			projectRoot = "";
			targets = (
				045CE0BB1EE1E9E500958A42 /* CocoaPodsDemo */,
				045CE0CF1EE1E9E500958A42 /* CocoaPodsDemoTests */,
				045CE0DA1EE1E9E500958A42 /* CocoaPodsDemoUITests */,
			);
		};
/* End PBXProject section */

/* Begin PBXResourcesBuildPhase section */
		045CE0BA1EE1E9E500958A42 /* Resources */ = {
			isa = PBXResourcesBuildPhase;
			buildActionMask = 2147483647;
			files = (
				045CE0CA1EE1E9E500958A42 /* LaunchScreen.storyboard in Resources */,
				045CE0C71EE1E9E500958A42 /* Assets.xcassets in Resources */,
				045CE0C51EE1E9E500958A42 /* Main.storyboard in Resources */,
			);
			runOnlyForDeploymentPostprocessing = 0;
		};
		045CE0CE1EE1E9E500958A42 /* Resources */ = {
			isa = PBXResourcesBuildPhase;
			buildActionMask = 2147483647;
			files = (
			);
			runOnlyForDeploymentPostprocessing = 0;
		};
		045CE0D91EE1E9E500958A42 /* Resources */ = {
			isa = PBXResourcesBuildPhase;
			buildActionMask = 2147483647;
			files = (
			);
			runOnlyForDeploymentPostprocessing = 0;
		};
/* End PBXResourcesBuildPhase section */

/* Begin PBXShellScriptBuildPhase section */
		0A6D5ECE41B5E40D09501AC4 /* [CP] Copy Pods Resources */ = {
			isa = PBXShellScriptBuildPhase;
			buildActionMask = 2147483647;
			files = (
			);
			inputPaths = (
			);
			name = "[CP] Copy Pods Resources";
			outputPaths = (
			);
			runOnlyForDeploymentPostprocessing = 0;
			shellPath = /bin/sh;
			shellScript = "\"${SRCROOT}/Pods/Target Support Files/Pods-CocoaPodsDemoUITests/Pods-CocoaPodsDemoUITests-resources.sh\"\n";
			showEnvVarsInLog = 0;
		};
		197DDFB004CB78A795C9A304 /* [CP] Check Pods Manifest.lock */ = {
			isa = PBXShellScriptBuildPhase;
			buildActionMask = 2147483647;
			files = (
			);
			inputPaths = (
			);
			name = "[CP] Check Pods Manifest.lock";
			outputPaths = (
			);
			runOnlyForDeploymentPostprocessing = 0;
			shellPath = /bin/sh;
			shellScript = "diff \"${PODS_PODFILE_DIR_PATH}/Podfile.lock\" \"${PODS_ROOT}/Manifest.lock\" > /dev/null\nif [ $? != 0 ] ; then\n    # print error to STDERR\n    echo \"error: The sandbox is not in sync with the Podfile.lock. Run 'pod install' or update your CocoaPods installation.\" >&2\n    exit 1\nfi\n";
			showEnvVarsInLog = 0;
		};
		1D9BB0D2A97E23AE141028F2 /* [CP] Check Pods Manifest.lock */ = {
			isa = PBXShellScriptBuildPhase;
			buildActionMask = 2147483647;
			files = (
			);
			inputPaths = (
			);
			name = "[CP] Check Pods Manifest.lock";
			outputPaths = (
			);
			runOnlyForDeploymentPostprocessing = 0;
			shellPath = /bin/sh;
			shellScript = "diff \"${PODS_PODFILE_DIR_PATH}/Podfile.lock\" \"${PODS_ROOT}/Manifest.lock\" > /dev/null\nif [ $? != 0 ] ; then\n    # print error to STDERR\n    echo \"error: The sandbox is not in sync with the Podfile.lock. Run 'pod install' or update your CocoaPods installation.\" >&2\n    exit 1\nfi\n";
			showEnvVarsInLog = 0;
		};
		509FA4049226B445410E2CD4 /* [CP] Embed Pods Frameworks */ = {
			isa = PBXShellScriptBuildPhase;
			buildActionMask = 2147483647;
			files = (
			);
			inputPaths = (
			);
			name = "[CP] Embed Pods Frameworks";
			outputPaths = (
			);
			runOnlyForDeploymentPostprocessing = 0;
			shellPath = /bin/sh;
			shellScript = "\"${SRCROOT}/Pods/Target Support Files/Pods-CocoaPodsDemoUITests/Pods-CocoaPodsDemoUITests-frameworks.sh\"\n";
			showEnvVarsInLog = 0;
		};
		56E67E891EE4A310D98AF2F5 /* [CP] Embed Pods Frameworks */ = {
			isa = PBXShellScriptBuildPhase;
			buildActionMask = 2147483647;
			files = (
			);
			inputPaths = (
			);
			name = "[CP] Embed Pods Frameworks";
			outputPaths = (
			);
			runOnlyForDeploymentPostprocessing = 0;
			shellPath = /bin/sh;
			shellScript = "\"${SRCROOT}/Pods/Target Support Files/Pods-CocoaPodsDemoTests/Pods-CocoaPodsDemoTests-frameworks.sh\"\n";
			showEnvVarsInLog = 0;
		};
		78B915861F33E03D4D80A2C6 /* [CP] Copy Pods Resources */ = {
			isa = PBXShellScriptBuildPhase;
			buildActionMask = 2147483647;
			files = (
			);
			inputPaths = (
			);
			name = "[CP] Copy Pods Resources";
			outputPaths = (
			);
			runOnlyForDeploymentPostprocessing = 0;
			shellPath = /bin/sh;
			shellScript = "\"${SRCROOT}/Pods/Target Support Files/Pods-CocoaPodsDemo/Pods-CocoaPodsDemo-resources.sh\"\n";
			showEnvVarsInLog = 0;
		};
		A77BE5233AB7781AD6459BE0 /* [CP] Embed Pods Frameworks */ = {
			isa = PBXShellScriptBuildPhase;
			buildActionMask = 2147483647;
			files = (
			);
			inputPaths = (
			);
			name = "[CP] Embed Pods Frameworks";
			outputPaths = (
			);
			runOnlyForDeploymentPostprocessing = 0;
			shellPath = /bin/sh;
			shellScript = "\"${SRCROOT}/Pods/Target Support Files/Pods-CocoaPodsDemo/Pods-CocoaPodsDemo-frameworks.sh\"\n";
			showEnvVarsInLog = 0;
		};
		B17C367C982DC3CF05B0329A /* [CP] Copy Pods Resources */ = {
			isa = PBXShellScriptBuildPhase;
			buildActionMask = 2147483647;
			files = (
			);
			inputPaths = (
			);
			name = "[CP] Copy Pods Resources";
			outputPaths = (
			);
			runOnlyForDeploymentPostprocessing = 0;
			shellPath = /bin/sh;
			shellScript = "\"${SRCROOT}/Pods/Target Support Files/Pods-CocoaPodsDemoTests/Pods-CocoaPodsDemoTests-resources.sh\"\n";
			showEnvVarsInLog = 0;
		};
		E99DC7A026B2787D3B5CD417 /* [CP] Check Pods Manifest.lock */ = {
			isa = PBXShellScriptBuildPhase;
			buildActionMask = 2147483647;
			files = (
			);
			inputPaths = (
			);
			name = "[CP] Check Pods Manifest.lock";
			outputPaths = (
			);
			runOnlyForDeploymentPostprocessing = 0;
			shellPath = /bin/sh;
			shellScript = "diff \"${PODS_PODFILE_DIR_PATH}/Podfile.lock\" \"${PODS_ROOT}/Manifest.lock\" > /dev/null\nif [ $? != 0 ] ; then\n    # print error to STDERR\n    echo \"error: The sandbox is not in sync with the Podfile.lock. Run 'pod install' or update your CocoaPods installation.\" >&2\n    exit 1\nfi\n";
			showEnvVarsInLog = 0;
		};
/* End PBXShellScriptBuildPhase section */

/* Begin PBXSourcesBuildPhase section */
		045CE0B81EE1E9E500958A42 /* Sources */ = {
			isa = PBXSourcesBuildPhase;
			buildActionMask = 2147483647;
			files = (
				045CE0C21EE1E9E500958A42 /* ViewController.swift in Sources */,
				045CE0C01EE1E9E500958A42 /* AppDelegate.swift in Sources */,
			);
			runOnlyForDeploymentPostprocessing = 0;
		};
		045CE0CC1EE1E9E500958A42 /* Sources */ = {
			isa = PBXSourcesBuildPhase;
			buildActionMask = 2147483647;
			files = (
				045CE0EE1EE1EBBE00958A42 /* ViewControllerTests.swift in Sources */,
			);
			runOnlyForDeploymentPostprocessing = 0;
		};
		045CE0D71EE1E9E500958A42 /* Sources */ = {
			isa = PBXSourcesBuildPhase;
			buildActionMask = 2147483647;
			files = (
				045CE0E01EE1E9E500958A42 /* CocoaPodsDemoUITests.swift in Sources */,
			);
			runOnlyForDeploymentPostprocessing = 0;
		};
/* End PBXSourcesBuildPhase section */

/* Begin PBXTargetDependency section */
		045CE0D21EE1E9E500958A42 /* PBXTargetDependency */ = {
			isa = PBXTargetDependency;
			target = 045CE0BB1EE1E9E500958A42 /* CocoaPodsDemo */;
			targetProxy = 045CE0D11EE1E9E500958A42 /* PBXContainerItemProxy */;
		};
		045CE0DD1EE1E9E500958A42 /* PBXTargetDependency */ = {
			isa = PBXTargetDependency;
			target = 045CE0BB1EE1E9E500958A42 /* CocoaPodsDemo */;
			targetProxy = 045CE0DC1EE1E9E500958A42 /* PBXContainerItemProxy */;
		};
/* End PBXTargetDependency section */

/* Begin PBXVariantGroup section */
		045CE0C31EE1E9E500958A42 /* Main.storyboard */ = {
			isa = PBXVariantGroup;
			children = (
				045CE0C41EE1E9E500958A42 /* Base */,
			);
			name = Main.storyboard;
			sourceTree = "<group>";
		};
		045CE0C81EE1E9E500958A42 /* LaunchScreen.storyboard */ = {
			isa = PBXVariantGroup;
			children = (
				045CE0C91EE1E9E500958A42 /* Base */,
			);
			name = LaunchScreen.storyboard;
			sourceTree = "<group>";
		};
/* End PBXVariantGroup section */

/* Begin XCBuildConfiguration section */
		045CE0E21EE1E9E500958A42 /* Debug */ = {
			isa = XCBuildConfiguration;
			buildSettings = {
				ALWAYS_SEARCH_USER_PATHS = NO;
				CLANG_ANALYZER_NONNULL = YES;
				CLANG_ANALYZER_NUMBER_OBJECT_CONVERSION = YES_AGGRESSIVE;
				CLANG_CXX_LANGUAGE_STANDARD = "gnu++0x";
				CLANG_CXX_LIBRARY = "libc++";
				CLANG_ENABLE_MODULES = YES;
				CLANG_ENABLE_OBJC_ARC = YES;
				CLANG_WARN_BOOL_CONVERSION = YES;
				CLANG_WARN_CONSTANT_CONVERSION = YES;
				CLANG_WARN_DIRECT_OBJC_ISA_USAGE = YES_ERROR;
				CLANG_WARN_DOCUMENTATION_COMMENTS = YES;
				CLANG_WARN_EMPTY_BODY = YES;
				CLANG_WARN_ENUM_CONVERSION = YES;
				CLANG_WARN_INFINITE_RECURSION = YES;
				CLANG_WARN_INT_CONVERSION = YES;
				CLANG_WARN_OBJC_ROOT_CLASS = YES_ERROR;
				CLANG_WARN_SUSPICIOUS_MOVE = YES;
				CLANG_WARN_UNREACHABLE_CODE = YES;
				CLANG_WARN__DUPLICATE_METHOD_MATCH = YES;
				"CODE_SIGN_IDENTITY[sdk=iphoneos*]" = "iPhone Developer";
				COPY_PHASE_STRIP = NO;
				DEBUG_INFORMATION_FORMAT = dwarf;
				ENABLE_STRICT_OBJC_MSGSEND = YES;
				ENABLE_TESTABILITY = YES;
				GCC_C_LANGUAGE_STANDARD = gnu99;
				GCC_DYNAMIC_NO_PIC = NO;
				GCC_NO_COMMON_BLOCKS = YES;
				GCC_OPTIMIZATION_LEVEL = 0;
				GCC_PREPROCESSOR_DEFINITIONS = (
					"DEBUG=1",
					"$(inherited)",
				);
				GCC_WARN_64_TO_32_BIT_CONVERSION = YES;
				GCC_WARN_ABOUT_RETURN_TYPE = YES_ERROR;
				GCC_WARN_UNDECLARED_SELECTOR = YES;
				GCC_WARN_UNINITIALIZED_AUTOS = YES_AGGRESSIVE;
				GCC_WARN_UNUSED_FUNCTION = YES;
				GCC_WARN_UNUSED_VARIABLE = YES;
				IPHONEOS_DEPLOYMENT_TARGET = 10.3;
				MTL_ENABLE_DEBUG_INFO = YES;
				ONLY_ACTIVE_ARCH = YES;
				SDKROOT = iphoneos;
				SWIFT_ACTIVE_COMPILATION_CONDITIONS = DEBUG;
				SWIFT_OPTIMIZATION_LEVEL = "-Onone";
				TARGETED_DEVICE_FAMILY = "1,2";
			};
			name = Debug;
		};
		045CE0E31EE1E9E500958A42 /* Release */ = {
			isa = XCBuildConfiguration;
			buildSettings = {
				ALWAYS_SEARCH_USER_PATHS = NO;
				CLANG_ANALYZER_NONNULL = YES;
				CLANG_ANALYZER_NUMBER_OBJECT_CONVERSION = YES_AGGRESSIVE;
				CLANG_CXX_LANGUAGE_STANDARD = "gnu++0x";
				CLANG_CXX_LIBRARY = "libc++";
				CLANG_ENABLE_MODULES = YES;
				CLANG_ENABLE_OBJC_ARC = YES;
				CLANG_WARN_BOOL_CONVERSION = YES;
				CLANG_WARN_CONSTANT_CONVERSION = YES;
				CLANG_WARN_DIRECT_OBJC_ISA_USAGE = YES_ERROR;
				CLANG_WARN_DOCUMENTATION_COMMENTS = YES;
				CLANG_WARN_EMPTY_BODY = YES;
				CLANG_WARN_ENUM_CONVERSION = YES;
				CLANG_WARN_INFINITE_RECURSION = YES;
				CLANG_WARN_INT_CONVERSION = YES;
				CLANG_WARN_OBJC_ROOT_CLASS = YES_ERROR;
				CLANG_WARN_SUSPICIOUS_MOVE = YES;
				CLANG_WARN_UNREACHABLE_CODE = YES;
				CLANG_WARN__DUPLICATE_METHOD_MATCH = YES;
				"CODE_SIGN_IDENTITY[sdk=iphoneos*]" = "iPhone Developer";
				COPY_PHASE_STRIP = NO;
				DEBUG_INFORMATION_FORMAT = "dwarf-with-dsym";
				ENABLE_NS_ASSERTIONS = NO;
				ENABLE_STRICT_OBJC_MSGSEND = YES;
				GCC_C_LANGUAGE_STANDARD = gnu99;
				GCC_NO_COMMON_BLOCKS = YES;
				GCC_WARN_64_TO_32_BIT_CONVERSION = YES;
				GCC_WARN_ABOUT_RETURN_TYPE = YES_ERROR;
				GCC_WARN_UNDECLARED_SELECTOR = YES;
				GCC_WARN_UNINITIALIZED_AUTOS = YES_AGGRESSIVE;
				GCC_WARN_UNUSED_FUNCTION = YES;
				GCC_WARN_UNUSED_VARIABLE = YES;
				IPHONEOS_DEPLOYMENT_TARGET = 10.3;
				MTL_ENABLE_DEBUG_INFO = NO;
				SDKROOT = iphoneos;
				SWIFT_OPTIMIZATION_LEVEL = "-Owholemodule";
				TARGETED_DEVICE_FAMILY = "1,2";
				VALIDATE_PRODUCT = YES;
			};
			name = Release;
		};
		045CE0E51EE1E9E500958A42 /* Debug */ = {
			isa = XCBuildConfiguration;
			baseConfigurationReference = 24A26841BF1C0FD043B2E51E /* Pods-CocoaPodsDemo.debug.xcconfig */;
			buildSettings = {
				ASSETCATALOG_COMPILER_APPICON_NAME = AppIcon;
				DEVELOPMENT_TEAM = F9Y6K72HCR;
				INFOPLIST_FILE = CocoaPodsDemo/Info.plist;
				LD_RUNPATH_SEARCH_PATHS = "$(inherited) @executable_path/Frameworks";
				PRODUCT_BUNDLE_IDENTIFIER = com.fittschen.CocoaPodsDemo;
				PRODUCT_NAME = "$(TARGET_NAME)";
				SWIFT_VERSION = 3.0;
			};
			name = Debug;
		};
		045CE0E61EE1E9E500958A42 /* Release */ = {
			isa = XCBuildConfiguration;
			baseConfigurationReference = DF3B356928A3A51986664E06 /* Pods-CocoaPodsDemo.release.xcconfig */;
			buildSettings = {
				ASSETCATALOG_COMPILER_APPICON_NAME = AppIcon;
				DEVELOPMENT_TEAM = F9Y6K72HCR;
				INFOPLIST_FILE = CocoaPodsDemo/Info.plist;
				LD_RUNPATH_SEARCH_PATHS = "$(inherited) @executable_path/Frameworks";
				PRODUCT_BUNDLE_IDENTIFIER = com.fittschen.CocoaPodsDemo;
				PRODUCT_NAME = "$(TARGET_NAME)";
				SWIFT_VERSION = 3.0;
			};
			name = Release;
		};
		045CE0E81EE1E9E500958A42 /* Debug */ = {
			isa = XCBuildConfiguration;
			baseConfigurationReference = 080BAD30EB23A3FA29DD6FA9 /* Pods-CocoaPodsDemoTests.debug.xcconfig */;
			buildSettings = {
				ALWAYS_EMBED_SWIFT_STANDARD_LIBRARIES = YES;
				BUNDLE_LOADER = "$(TEST_HOST)";
				DEVELOPMENT_TEAM = F9Y6K72HCR;
				INFOPLIST_FILE = CocoaPodsDemoTests/Info.plist;
				LD_RUNPATH_SEARCH_PATHS = "$(inherited) @executable_path/Frameworks @loader_path/Frameworks";
				PRODUCT_BUNDLE_IDENTIFIER = com.fittschen.CocoaPodsDemoTests;
				PRODUCT_NAME = "$(TARGET_NAME)";
				SWIFT_VERSION = 3.0;
				TEST_HOST = "$(BUILT_PRODUCTS_DIR)/CocoaPodsDemo.app/CocoaPodsDemo";
			};
			name = Debug;
		};
		045CE0E91EE1E9E500958A42 /* Release */ = {
			isa = XCBuildConfiguration;
			baseConfigurationReference = 1888E54B996868BE0C29363E /* Pods-CocoaPodsDemoTests.release.xcconfig */;
			buildSettings = {
				ALWAYS_EMBED_SWIFT_STANDARD_LIBRARIES = YES;
				BUNDLE_LOADER = "$(TEST_HOST)";
				DEVELOPMENT_TEAM = F9Y6K72HCR;
				INFOPLIST_FILE = CocoaPodsDemoTests/Info.plist;
				LD_RUNPATH_SEARCH_PATHS = "$(inherited) @executable_path/Frameworks @loader_path/Frameworks";
				PRODUCT_BUNDLE_IDENTIFIER = com.fittschen.CocoaPodsDemoTests;
				PRODUCT_NAME = "$(TARGET_NAME)";
				SWIFT_VERSION = 3.0;
				TEST_HOST = "$(BUILT_PRODUCTS_DIR)/CocoaPodsDemo.app/CocoaPodsDemo";
			};
			name = Release;
		};
		045CE0EB1EE1E9E500958A42 /* Debug */ = {
			isa = XCBuildConfiguration;
			baseConfigurationReference = AE86B10FE26B5312169FB7E9 /* Pods-CocoaPodsDemoUITests.debug.xcconfig */;
			buildSettings = {
				ALWAYS_EMBED_SWIFT_STANDARD_LIBRARIES = YES;
				DEVELOPMENT_TEAM = F9Y6K72HCR;
				INFOPLIST_FILE = CocoaPodsDemoUITests/Info.plist;
				LD_RUNPATH_SEARCH_PATHS = "$(inherited) @executable_path/Frameworks @loader_path/Frameworks";
				PRODUCT_BUNDLE_IDENTIFIER = com.fittschen.CocoaPodsDemoUITests;
				PRODUCT_NAME = "$(TARGET_NAME)";
				SWIFT_VERSION = 3.0;
				TEST_TARGET_NAME = CocoaPodsDemo;
			};
			name = Debug;
		};
		045CE0EC1EE1E9E500958A42 /* Release */ = {
			isa = XCBuildConfiguration;
			baseConfigurationReference = 6CB6448BE0CE24EBCD933F69 /* Pods-CocoaPodsDemoUITests.release.xcconfig */;
			buildSettings = {
				ALWAYS_EMBED_SWIFT_STANDARD_LIBRARIES = YES;
				DEVELOPMENT_TEAM = F9Y6K72HCR;
				INFOPLIST_FILE = CocoaPodsDemoUITests/Info.plist;
				LD_RUNPATH_SEARCH_PATHS = "$(inherited) @executable_path/Frameworks @loader_path/Frameworks";
				PRODUCT_BUNDLE_IDENTIFIER = com.fittschen.CocoaPodsDemoUITests;
				PRODUCT_NAME = "$(TARGET_NAME)";
				SWIFT_VERSION = 3.0;
				TEST_TARGET_NAME = CocoaPodsDemo;
			};
			name = Release;
		};
/* End XCBuildConfiguration section */

/* Begin XCConfigurationList section */
		045CE0B71EE1E9E400958A42 /* Build configuration list for PBXProject "CocoaPodsDemo" */ = {
			isa = XCConfigurationList;
			buildConfigurations = (
				045CE0E21EE1E9E500958A42 /* Debug */,
				045CE0E31EE1E9E500958A42 /* Release */,
			);
			defaultConfigurationIsVisible = 0;
			defaultConfigurationName = Release;
		};
		045CE0E41EE1E9E500958A42 /* Build configuration list for PBXNativeTarget "CocoaPodsDemo" */ = {
			isa = XCConfigurationList;
			buildConfigurations = (
				045CE0E51EE1E9E500958A42 /* Debug */,
				045CE0E61EE1E9E500958A42 /* Release */,
			);
			defaultConfigurationIsVisible = 0;
		};
		045CE0E71EE1E9E500958A42 /* Build configuration list for PBXNativeTarget "CocoaPodsDemoTests" */ = {
			isa = XCConfigurationList;
			buildConfigurations = (
				045CE0E81EE1E9E500958A42 /* Debug */,
				045CE0E91EE1E9E500958A42 /* Release */,
			);
			defaultConfigurationIsVisible = 0;
		};
		045CE0EA1EE1E9E500958A42 /* Build configuration list for PBXNativeTarget "CocoaPodsDemoUITests" */ = {
			isa = XCConfigurationList;
			buildConfigurations = (
				045CE0EB1EE1E9E500958A42 /* Debug */,
				045CE0EC1EE1E9E500958A42 /* Release */,
			);
			defaultConfigurationIsVisible = 0;
		};
/* End XCConfigurationList section */
	};
	rootObject = 045CE0B41EE1E9E400958A42 /* Project object */;
}
